// !$*UTF8*$!
{
	archiveVersion = 1;
	classes = {
	};
	objectVersion = 50;
	objects = {

/* Begin PBXBuildFile section */
		997937F1582E74A4A4044321 /* libPods-LBLearniOS.a in Frameworks */ = {isa = PBXBuildFile; fileRef = D2FAC2B6A351A80D69638103 /* libPods-LBLearniOS.a */; };
		D63838F521F6F32E007D5D4F /* AppDelegate.m in Sources */ = {isa = PBXBuildFile; fileRef = D63838F421F6F32E007D5D4F /* AppDelegate.m */; };
		D63838FB21F6F32E007D5D4F /* Main.storyboard in Resources */ = {isa = PBXBuildFile; fileRef = D63838F921F6F32E007D5D4F /* Main.storyboard */; };
		D63838FD21F6F32F007D5D4F /* Assets.xcassets in Resources */ = {isa = PBXBuildFile; fileRef = D63838FC21F6F32F007D5D4F /* Assets.xcassets */; };
		D638390021F6F32F007D5D4F /* LaunchScreen.storyboard in Resources */ = {isa = PBXBuildFile; fileRef = D63838FE21F6F32F007D5D4F /* LaunchScreen.storyboard */; };
		D638390321F6F32F007D5D4F /* main.m in Sources */ = {isa = PBXBuildFile; fileRef = D638390221F6F32F007D5D4F /* main.m */; };
		D649FB7E22164FF4008DD8A3 /* LBItemCell.m in Sources */ = {isa = PBXBuildFile; fileRef = D649FB7C22164FF4008DD8A3 /* LBItemCell.m */; };
		D649FB7F22164FF4008DD8A3 /* LBItemCell.xib in Resources */ = {isa = PBXBuildFile; fileRef = D649FB7D22164FF4008DD8A3 /* LBItemCell.xib */; };
		D64B12C521F871A700BED89F /* LBBaseVC.m in Sources */ = {isa = PBXBuildFile; fileRef = D64B12C421F871A700BED89F /* LBBaseVC.m */; };
		D64B12C821F871B500BED89F /* LBBaseTVC.m in Sources */ = {isa = PBXBuildFile; fileRef = D64B12C721F871B500BED89F /* LBBaseTVC.m */; };
		D64B12CB21F871C100BED89F /* LBBaseCVC.m in Sources */ = {isa = PBXBuildFile; fileRef = D64B12CA21F871C100BED89F /* LBBaseCVC.m */; };
		D64B12D521F872D500BED89F /* LBBaseModel.m in Sources */ = {isa = PBXBuildFile; fileRef = D64B12D421F872D500BED89F /* LBBaseModel.m */; };
		D64B12D921F8730000BED89F /* LBItemsCVC.m in Sources */ = {isa = PBXBuildFile; fileRef = D64B12D821F8730000BED89F /* LBItemsCVC.m */; };
		D64B12DF21F8734000BED89F /* LBItem.m in Sources */ = {isa = PBXBuildFile; fileRef = D64B12DE21F8734000BED89F /* LBItem.m */; };
		D670503B23C74940009C82BD /* LB_Runtime_Property_VC.m in Sources */ = {isa = PBXBuildFile; fileRef = D670503A23C74940009C82BD /* LB_Runtime_Property_VC.m */; };
		D670503E23C77193009C82BD /* LB_Runtime_Property_Model_Animal.m in Sources */ = {isa = PBXBuildFile; fileRef = D670503D23C77193009C82BD /* LB_Runtime_Property_Model_Animal.m */; };
		D676FCD3231E1B4700BE60B1 /* LBItemHeader.m in Sources */ = {isa = PBXBuildFile; fileRef = D676FCD1231E1B4700BE60B1 /* LBItemHeader.m */; };
		D676FCD4231E1B4700BE60B1 /* LBItemHeader.xib in Resources */ = {isa = PBXBuildFile; fileRef = D676FCD2231E1B4700BE60B1 /* LBItemHeader.xib */; };
		D68B4FF0238FFA180019D433 /* LB_GCD_VC.m in Sources */ = {isa = PBXBuildFile; fileRef = D68B4FEF238FFA180019D433 /* LB_GCD_VC.m */; };
		D68E333C21FAA9C400278F2D /* Items.plist in Resources */ = {isa = PBXBuildFile; fileRef = D68E333B21FAA9C400278F2D /* Items.plist */; };
		D68E334621FADFFC00278F2D /* LBLearniOSTests.m in Sources */ = {isa = PBXBuildFile; fileRef = D68E334521FADFFC00278F2D /* LBLearniOSTests.m */; };
		D6A01EFF231E042F00289FA7 /* LBItemTests.m in Sources */ = {isa = PBXBuildFile; fileRef = D6A01EFE231E042F00289FA7 /* LBItemTests.m */; };
		D6DBB336239A871400AC507E /* LB_Recycle_VC.m in Sources */ = {isa = PBXBuildFile; fileRef = D6DBB335239A871400AC507E /* LB_Recycle_VC.m */; };
		D6E54F162391492A00F2C102 /* LB_Image_VC.m in Sources */ = {isa = PBXBuildFile; fileRef = D6E54F152391492A00F2C102 /* LB_Image_VC.m */; };
		D6E54F18239149E300F2C102 /* bigImage.png in Resources */ = {isa = PBXBuildFile; fileRef = D6E54F17239149E300F2C102 /* bigImage.png */; };
		D6E5C00F238FBE24005A4629 /* LB_Serialization_VC.m in Sources */ = {isa = PBXBuildFile; fileRef = D6E5C00E238FBE24005A4629 /* LB_Serialization_VC.m */; };
		D6EB3121238CC2CE003EDBFC /* LB_Block_VC.m in Sources */ = {isa = PBXBuildFile; fileRef = D6EB3120238CC2CE003EDBFC /* LB_Block_VC.m */; };
		D6EB3124238D0752003EDBFC /* LB_Archive_VC.m in Sources */ = {isa = PBXBuildFile; fileRef = D6EB3123238D0752003EDBFC /* LB_Archive_VC.m */; };
		D6EB312C238D12D3003EDBFC /* LBExceptionHandler.m in Sources */ = {isa = PBXBuildFile; fileRef = D6EB312B238D12D3003EDBFC /* LBExceptionHandler.m */; };
		D6EB312D238D184D003EDBFC /* LBItem.m in Sources */ = {isa = PBXBuildFile; fileRef = D64B12DE21F8734000BED89F /* LBItem.m */; };
		D6EB3130238D2795003EDBFC /* LBBaseItemTVC.m in Sources */ = {isa = PBXBuildFile; fileRef = D6EB312F238D2795003EDBFC /* LBBaseItemTVC.m */; };
		D6EB3136238D4507003EDBFC /* NSKeyedArchiver+LBAdd.m in Sources */ = {isa = PBXBuildFile; fileRef = D6EB3135238D4507003EDBFC /* NSKeyedArchiver+LBAdd.m */; };
		D6EB3139238D75F3003EDBFC /* LB_Protocal_VC.m in Sources */ = {isa = PBXBuildFile; fileRef = D6EB3138238D75F3003EDBFC /* LB_Protocal_VC.m */; };
		D6FE9203231E3A650017B1A7 /* LBBaseItemVC.m in Sources */ = {isa = PBXBuildFile; fileRef = D6FE9202231E3A650017B1A7 /* LBBaseItemVC.m */; };
		D6FE9206231E3D110017B1A7 /* LB_AFNetworking_VC.m in Sources */ = {isa = PBXBuildFile; fileRef = D6FE9205231E3D110017B1A7 /* LB_AFNetworking_VC.m */; };
		D6FE9209231E40470017B1A7 /* LB_AFNetworking.m in Sources */ = {isa = PBXBuildFile; fileRef = D6FE9208231E40470017B1A7 /* LB_AFNetworking.m */; };
/* End PBXBuildFile section */

/* Begin PBXContainerItemProxy section */
		D68E334821FADFFC00278F2D /* PBXContainerItemProxy */ = {
			isa = PBXContainerItemProxy;
			containerPortal = D63838E821F6F32E007D5D4F /* Project object */;
			proxyType = 1;
			remoteGlobalIDString = D63838EF21F6F32E007D5D4F;
			remoteInfo = LBLearniOS;
		};
/* End PBXContainerItemProxy section */

/* Begin PBXFileReference section */
		058B13095E56916358C44F5F /* Pods-LBLearniOS.debug.xcconfig */ = {isa = PBXFileReference; includeInIndex = 1; lastKnownFileType = text.xcconfig; name = "Pods-LBLearniOS.debug.xcconfig"; path = "Pods/Target Support Files/Pods-LBLearniOS/Pods-LBLearniOS.debug.xcconfig"; sourceTree = "<group>"; };
		361A549C7358D67189E218BA /* Pods-LBLearniOS.release.xcconfig */ = {isa = PBXFileReference; includeInIndex = 1; lastKnownFileType = text.xcconfig; name = "Pods-LBLearniOS.release.xcconfig"; path = "Pods/Target Support Files/Pods-LBLearniOS/Pods-LBLearniOS.release.xcconfig"; sourceTree = "<group>"; };
		D2FAC2B6A351A80D69638103 /* libPods-LBLearniOS.a */ = {isa = PBXFileReference; explicitFileType = archive.ar; includeInIndex = 0; path = "libPods-LBLearniOS.a"; sourceTree = BUILT_PRODUCTS_DIR; };
		D63838F021F6F32E007D5D4F /* LBLearniOS.app */ = {isa = PBXFileReference; explicitFileType = wrapper.application; includeInIndex = 0; path = LBLearniOS.app; sourceTree = BUILT_PRODUCTS_DIR; };
		D63838F321F6F32E007D5D4F /* AppDelegate.h */ = {isa = PBXFileReference; lastKnownFileType = sourcecode.c.h; path = AppDelegate.h; sourceTree = "<group>"; };
		D63838F421F6F32E007D5D4F /* AppDelegate.m */ = {isa = PBXFileReference; lastKnownFileType = sourcecode.c.objc; path = AppDelegate.m; sourceTree = "<group>"; };
		D63838FA21F6F32E007D5D4F /* Base */ = {isa = PBXFileReference; lastKnownFileType = file.storyboard; name = Base; path = Base.lproj/Main.storyboard; sourceTree = "<group>"; };
		D63838FC21F6F32F007D5D4F /* Assets.xcassets */ = {isa = PBXFileReference; lastKnownFileType = folder.assetcatalog; path = Assets.xcassets; sourceTree = "<group>"; };
		D63838FF21F6F32F007D5D4F /* Base */ = {isa = PBXFileReference; lastKnownFileType = file.storyboard; name = Base; path = Base.lproj/LaunchScreen.storyboard; sourceTree = "<group>"; };
		D638390121F6F32F007D5D4F /* Info.plist */ = {isa = PBXFileReference; lastKnownFileType = text.plist.xml; path = Info.plist; sourceTree = "<group>"; };
		D638390221F6F32F007D5D4F /* main.m */ = {isa = PBXFileReference; lastKnownFileType = sourcecode.c.objc; path = main.m; sourceTree = "<group>"; };
		D649FB7B22164FF4008DD8A3 /* LBItemCell.h */ = {isa = PBXFileReference; lastKnownFileType = sourcecode.c.h; path = LBItemCell.h; sourceTree = "<group>"; };
		D649FB7C22164FF4008DD8A3 /* LBItemCell.m */ = {isa = PBXFileReference; lastKnownFileType = sourcecode.c.objc; path = LBItemCell.m; sourceTree = "<group>"; };
		D649FB7D22164FF4008DD8A3 /* LBItemCell.xib */ = {isa = PBXFileReference; lastKnownFileType = file.xib; path = LBItemCell.xib; sourceTree = "<group>"; };
		D64B12C321F871A700BED89F /* LBBaseVC.h */ = {isa = PBXFileReference; lastKnownFileType = sourcecode.c.h; path = LBBaseVC.h; sourceTree = "<group>"; };
		D64B12C421F871A700BED89F /* LBBaseVC.m */ = {isa = PBXFileReference; lastKnownFileType = sourcecode.c.objc; path = LBBaseVC.m; sourceTree = "<group>"; };
		D64B12C621F871B500BED89F /* LBBaseTVC.h */ = {isa = PBXFileReference; lastKnownFileType = sourcecode.c.h; path = LBBaseTVC.h; sourceTree = "<group>"; };
		D64B12C721F871B500BED89F /* LBBaseTVC.m */ = {isa = PBXFileReference; lastKnownFileType = sourcecode.c.objc; path = LBBaseTVC.m; sourceTree = "<group>"; };
		D64B12C921F871C100BED89F /* LBBaseCVC.h */ = {isa = PBXFileReference; lastKnownFileType = sourcecode.c.h; path = LBBaseCVC.h; sourceTree = "<group>"; };
		D64B12CA21F871C100BED89F /* LBBaseCVC.m */ = {isa = PBXFileReference; lastKnownFileType = sourcecode.c.objc; path = LBBaseCVC.m; sourceTree = "<group>"; };
		D64B12CF21F8722100BED89F /* PrefixHeader.pch */ = {isa = PBXFileReference; lastKnownFileType = sourcecode.c.h; path = PrefixHeader.pch; sourceTree = "<group>"; };
		D64B12D321F872D500BED89F /* LBBaseModel.h */ = {isa = PBXFileReference; lastKnownFileType = sourcecode.c.h; path = LBBaseModel.h; sourceTree = "<group>"; };
		D64B12D421F872D500BED89F /* LBBaseModel.m */ = {isa = PBXFileReference; lastKnownFileType = sourcecode.c.objc; path = LBBaseModel.m; sourceTree = "<group>"; };
		D64B12D721F8730000BED89F /* LBItemsCVC.h */ = {isa = PBXFileReference; lastKnownFileType = sourcecode.c.h; path = LBItemsCVC.h; sourceTree = "<group>"; };
		D64B12D821F8730000BED89F /* LBItemsCVC.m */ = {isa = PBXFileReference; lastKnownFileType = sourcecode.c.objc; path = LBItemsCVC.m; sourceTree = "<group>"; };
		D64B12DD21F8734000BED89F /* LBItem.h */ = {isa = PBXFileReference; lastKnownFileType = sourcecode.c.h; path = LBItem.h; sourceTree = "<group>"; };
		D64B12DE21F8734000BED89F /* LBItem.m */ = {isa = PBXFileReference; lastKnownFileType = sourcecode.c.objc; path = LBItem.m; sourceTree = "<group>"; };
		D670503923C74940009C82BD /* LB_Runtime_Property_VC.h */ = {isa = PBXFileReference; lastKnownFileType = sourcecode.c.h; path = LB_Runtime_Property_VC.h; sourceTree = "<group>"; };
		D670503A23C74940009C82BD /* LB_Runtime_Property_VC.m */ = {isa = PBXFileReference; lastKnownFileType = sourcecode.c.objc; path = LB_Runtime_Property_VC.m; sourceTree = "<group>"; };
		D670503C23C77193009C82BD /* LB_Runtime_Property_Model_Animal.h */ = {isa = PBXFileReference; lastKnownFileType = sourcecode.c.h; path = LB_Runtime_Property_Model_Animal.h; sourceTree = "<group>"; };
		D670503D23C77193009C82BD /* LB_Runtime_Property_Model_Animal.m */ = {isa = PBXFileReference; lastKnownFileType = sourcecode.c.objc; path = LB_Runtime_Property_Model_Animal.m; sourceTree = "<group>"; };
		D676FCD0231E1B4700BE60B1 /* LBItemHeader.h */ = {isa = PBXFileReference; lastKnownFileType = sourcecode.c.h; path = LBItemHeader.h; sourceTree = "<group>"; };
		D676FCD1231E1B4700BE60B1 /* LBItemHeader.m */ = {isa = PBXFileReference; lastKnownFileType = sourcecode.c.objc; path = LBItemHeader.m; sourceTree = "<group>"; };
		D676FCD2231E1B4700BE60B1 /* LBItemHeader.xib */ = {isa = PBXFileReference; lastKnownFileType = file.xib; path = LBItemHeader.xib; sourceTree = "<group>"; };
		D68B4FEE238FFA180019D433 /* LB_GCD_VC.h */ = {isa = PBXFileReference; lastKnownFileType = sourcecode.c.h; path = LB_GCD_VC.h; sourceTree = "<group>"; };
		D68B4FEF238FFA180019D433 /* LB_GCD_VC.m */ = {isa = PBXFileReference; lastKnownFileType = sourcecode.c.objc; path = LB_GCD_VC.m; sourceTree = "<group>"; };
		D68E333B21FAA9C400278F2D /* Items.plist */ = {isa = PBXFileReference; lastKnownFileType = text.plist.xml; path = Items.plist; sourceTree = "<group>"; };
		D68E334321FADFFC00278F2D /* LBLearniOSTests.xctest */ = {isa = PBXFileReference; explicitFileType = wrapper.cfbundle; includeInIndex = 0; path = LBLearniOSTests.xctest; sourceTree = BUILT_PRODUCTS_DIR; };
		D68E334521FADFFC00278F2D /* LBLearniOSTests.m */ = {isa = PBXFileReference; lastKnownFileType = sourcecode.c.objc; path = LBLearniOSTests.m; sourceTree = "<group>"; };
		D68E334721FADFFC00278F2D /* Info.plist */ = {isa = PBXFileReference; lastKnownFileType = text.plist.xml; path = Info.plist; sourceTree = "<group>"; };
		D6A01EFE231E042F00289FA7 /* LBItemTests.m */ = {isa = PBXFileReference; lastKnownFileType = sourcecode.c.objc; path = LBItemTests.m; sourceTree = "<group>"; };
		D6DBB334239A871400AC507E /* LB_Recycle_VC.h */ = {isa = PBXFileReference; lastKnownFileType = sourcecode.c.h; path = LB_Recycle_VC.h; sourceTree = "<group>"; };
		D6DBB335239A871400AC507E /* LB_Recycle_VC.m */ = {isa = PBXFileReference; lastKnownFileType = sourcecode.c.objc; path = LB_Recycle_VC.m; sourceTree = "<group>"; };
		D6E54F142391492A00F2C102 /* LB_Image_VC.h */ = {isa = PBXFileReference; lastKnownFileType = sourcecode.c.h; path = LB_Image_VC.h; sourceTree = "<group>"; };
		D6E54F152391492A00F2C102 /* LB_Image_VC.m */ = {isa = PBXFileReference; lastKnownFileType = sourcecode.c.objc; path = LB_Image_VC.m; sourceTree = "<group>"; };
		D6E54F17239149E300F2C102 /* bigImage.png */ = {isa = PBXFileReference; lastKnownFileType = image.png; path = bigImage.png; sourceTree = "<group>"; };
		D6E5C00D238FBE24005A4629 /* LB_Serialization_VC.h */ = {isa = PBXFileReference; lastKnownFileType = sourcecode.c.h; path = LB_Serialization_VC.h; sourceTree = "<group>"; };
		D6E5C00E238FBE24005A4629 /* LB_Serialization_VC.m */ = {isa = PBXFileReference; lastKnownFileType = sourcecode.c.objc; path = LB_Serialization_VC.m; sourceTree = "<group>"; };
		D6EB311F238CC2CE003EDBFC /* LB_Block_VC.h */ = {isa = PBXFileReference; lastKnownFileType = sourcecode.c.h; path = LB_Block_VC.h; sourceTree = "<group>"; };
		D6EB3120238CC2CE003EDBFC /* LB_Block_VC.m */ = {isa = PBXFileReference; lastKnownFileType = sourcecode.c.objc; path = LB_Block_VC.m; sourceTree = "<group>"; };
		D6EB3122238D0752003EDBFC /* LB_Archive_VC.h */ = {isa = PBXFileReference; lastKnownFileType = sourcecode.c.h; path = LB_Archive_VC.h; sourceTree = "<group>"; };
		D6EB3123238D0752003EDBFC /* LB_Archive_VC.m */ = {isa = PBXFileReference; lastKnownFileType = sourcecode.c.objc; path = LB_Archive_VC.m; sourceTree = "<group>"; };
		D6EB312A238D12D3003EDBFC /* LBExceptionHandler.h */ = {isa = PBXFileReference; lastKnownFileType = sourcecode.c.h; path = LBExceptionHandler.h; sourceTree = "<group>"; };
		D6EB312B238D12D3003EDBFC /* LBExceptionHandler.m */ = {isa = PBXFileReference; lastKnownFileType = sourcecode.c.objc; path = LBExceptionHandler.m; sourceTree = "<group>"; };
		D6EB312E238D2795003EDBFC /* LBBaseItemTVC.h */ = {isa = PBXFileReference; lastKnownFileType = sourcecode.c.h; path = LBBaseItemTVC.h; sourceTree = "<group>"; };
		D6EB312F238D2795003EDBFC /* LBBaseItemTVC.m */ = {isa = PBXFileReference; lastKnownFileType = sourcecode.c.objc; path = LBBaseItemTVC.m; sourceTree = "<group>"; };
		D6EB3134238D4507003EDBFC /* NSKeyedArchiver+LBAdd.h */ = {isa = PBXFileReference; lastKnownFileType = sourcecode.c.h; path = "NSKeyedArchiver+LBAdd.h"; sourceTree = "<group>"; };
		D6EB3135238D4507003EDBFC /* NSKeyedArchiver+LBAdd.m */ = {isa = PBXFileReference; lastKnownFileType = sourcecode.c.objc; path = "NSKeyedArchiver+LBAdd.m"; sourceTree = "<group>"; };
		D6EB3137238D75F3003EDBFC /* LB_Protocal_VC.h */ = {isa = PBXFileReference; lastKnownFileType = sourcecode.c.h; path = LB_Protocal_VC.h; sourceTree = "<group>"; };
		D6EB3138238D75F3003EDBFC /* LB_Protocal_VC.m */ = {isa = PBXFileReference; lastKnownFileType = sourcecode.c.objc; path = LB_Protocal_VC.m; sourceTree = "<group>"; };
		D6FE9201231E3A650017B1A7 /* LBBaseItemVC.h */ = {isa = PBXFileReference; lastKnownFileType = sourcecode.c.h; path = LBBaseItemVC.h; sourceTree = "<group>"; };
		D6FE9202231E3A650017B1A7 /* LBBaseItemVC.m */ = {isa = PBXFileReference; lastKnownFileType = sourcecode.c.objc; path = LBBaseItemVC.m; sourceTree = "<group>"; };
		D6FE9204231E3D110017B1A7 /* LB_AFNetworking_VC.h */ = {isa = PBXFileReference; lastKnownFileType = sourcecode.c.h; path = LB_AFNetworking_VC.h; sourceTree = "<group>"; };
		D6FE9205231E3D110017B1A7 /* LB_AFNetworking_VC.m */ = {isa = PBXFileReference; lastKnownFileType = sourcecode.c.objc; path = LB_AFNetworking_VC.m; sourceTree = "<group>"; };
		D6FE9207231E40470017B1A7 /* LB_AFNetworking.h */ = {isa = PBXFileReference; lastKnownFileType = sourcecode.c.h; path = LB_AFNetworking.h; sourceTree = "<group>"; };
		D6FE9208231E40470017B1A7 /* LB_AFNetworking.m */ = {isa = PBXFileReference; lastKnownFileType = sourcecode.c.objc; path = LB_AFNetworking.m; sourceTree = "<group>"; };
/* End PBXFileReference section */

/* Begin PBXFrameworksBuildPhase section */
		D63838ED21F6F32E007D5D4F /* Frameworks */ = {
			isa = PBXFrameworksBuildPhase;
			buildActionMask = 2147483647;
			files = (
				997937F1582E74A4A4044321 /* libPods-LBLearniOS.a in Frameworks */,
			);
			runOnlyForDeploymentPostprocessing = 0;
		};
		D68E334021FADFFC00278F2D /* Frameworks */ = {
			isa = PBXFrameworksBuildPhase;
			buildActionMask = 2147483647;
			files = (
			);
			runOnlyForDeploymentPostprocessing = 0;
		};
/* End PBXFrameworksBuildPhase section */

/* Begin PBXGroup section */
		0E9A03C9BDAE1E1A2CC7E473 /* Frameworks */ = {
			isa = PBXGroup;
			children = (
				D2FAC2B6A351A80D69638103 /* libPods-LBLearniOS.a */,
			);
			name = Frameworks;
			sourceTree = "<group>";
		};
		410077F3D2FA2335F7E821C6 /* Pods */ = {
			isa = PBXGroup;
			children = (
				058B13095E56916358C44F5F /* Pods-LBLearniOS.debug.xcconfig */,
				361A549C7358D67189E218BA /* Pods-LBLearniOS.release.xcconfig */,
			);
			name = Pods;
			sourceTree = "<group>";
		};
		D60F8FFD23C205CE003D8200 /* Vendor */ = {
			isa = PBXGroup;
			children = (
				D6FE9204231E3D110017B1A7 /* LB_AFNetworking_VC.h */,
				D6FE9205231E3D110017B1A7 /* LB_AFNetworking_VC.m */,
				D6FE9207231E40470017B1A7 /* LB_AFNetworking.h */,
				D6FE9208231E40470017B1A7 /* LB_AFNetworking.m */,
			);
			path = Vendor;
			sourceTree = "<group>";
		};
		D60F8FFE23C2060A003D8200 /* Foundation */ = {
			isa = PBXGroup;
			children = (
				D6EB311F238CC2CE003EDBFC /* LB_Block_VC.h */,
				D6EB3120238CC2CE003EDBFC /* LB_Block_VC.m */,
			);
			path = Foundation;
			sourceTree = "<group>";
		};
		D63838E721F6F32E007D5D4F = {
			isa = PBXGroup;
			children = (
				D63838F221F6F32E007D5D4F /* LBLearniOS */,
				D68E334421FADFFC00278F2D /* LBLearniOSTests */,
				D63838F121F6F32E007D5D4F /* Products */,
				410077F3D2FA2335F7E821C6 /* Pods */,
				0E9A03C9BDAE1E1A2CC7E473 /* Frameworks */,
			);
			sourceTree = "<group>";
		};
		D63838F121F6F32E007D5D4F /* Products */ = {
			isa = PBXGroup;
			children = (
				D63838F021F6F32E007D5D4F /* LBLearniOS.app */,
				D68E334321FADFFC00278F2D /* LBLearniOSTests.xctest */,
			);
			name = Products;
			sourceTree = "<group>";
		};
		D63838F221F6F32E007D5D4F /* LBLearniOS */ = {
			isa = PBXGroup;
			children = (
				D6EB3129238D10FC003EDBFC /* Other */,
				D6EB3125238D0E59003EDBFC /* Category */,
				D638390E21F6F6C1007D5D4F /* Base */,
				D64B12D021F8727700BED89F /* Items */,
				D63838F321F6F32E007D5D4F /* AppDelegate.h */,
				D63838F421F6F32E007D5D4F /* AppDelegate.m */,
				D638390921F6F50B007D5D4F /* Vendor */,
				D63838F921F6F32E007D5D4F /* Main.storyboard */,
				D63838FC21F6F32F007D5D4F /* Assets.xcassets */,
				D63838FE21F6F32F007D5D4F /* LaunchScreen.storyboard */,
				D638390121F6F32F007D5D4F /* Info.plist */,
				D638390221F6F32F007D5D4F /* main.m */,
				D64B12CF21F8722100BED89F /* PrefixHeader.pch */,
			);
			path = LBLearniOS;
			sourceTree = "<group>";
		};
		D638390921F6F50B007D5D4F /* Vendor */ = {
			isa = PBXGroup;
			children = (
			);
			path = Vendor;
			sourceTree = "<group>";
		};
		D638390E21F6F6C1007D5D4F /* Base */ = {
			isa = PBXGroup;
			children = (
				D64B12C221F8717C00BED89F /* Model */,
				D64B12C121F8717800BED89F /* View */,
				D64B12C021F8716F00BED89F /* Controller */,
			);
			path = Base;
			sourceTree = "<group>";
		};
		D64B12C021F8716F00BED89F /* Controller */ = {
			isa = PBXGroup;
			children = (
				D64B12C321F871A700BED89F /* LBBaseVC.h */,
				D64B12C421F871A700BED89F /* LBBaseVC.m */,
				D64B12C621F871B500BED89F /* LBBaseTVC.h */,
				D64B12C721F871B500BED89F /* LBBaseTVC.m */,
				D64B12C921F871C100BED89F /* LBBaseCVC.h */,
				D64B12CA21F871C100BED89F /* LBBaseCVC.m */,
			);
			path = Controller;
			sourceTree = "<group>";
		};
		D64B12C121F8717800BED89F /* View */ = {
			isa = PBXGroup;
			children = (
			);
			path = View;
			sourceTree = "<group>";
		};
		D64B12C221F8717C00BED89F /* Model */ = {
			isa = PBXGroup;
			children = (
				D64B12D321F872D500BED89F /* LBBaseModel.h */,
				D64B12D421F872D500BED89F /* LBBaseModel.m */,
			);
			path = Model;
			sourceTree = "<group>";
		};
		D64B12D021F8727700BED89F /* Items */ = {
			isa = PBXGroup;
			children = (
				D64B12D621F872E800BED89F /* BaseItems */,
				D6FE91FD231E377D0017B1A7 /* Items */,
			);
			path = Items;
			sourceTree = "<group>";
		};
		D64B12D621F872E800BED89F /* BaseItems */ = {
			isa = PBXGroup;
			children = (
				D64B12DC21F8731100BED89F /* Model */,
				D64B12DB21F8730D00BED89F /* View */,
				D64B12DA21F8730400BED89F /* Controller */,
			);
			path = BaseItems;
			sourceTree = "<group>";
		};
		D64B12DA21F8730400BED89F /* Controller */ = {
			isa = PBXGroup;
			children = (
				D64B12D721F8730000BED89F /* LBItemsCVC.h */,
				D64B12D821F8730000BED89F /* LBItemsCVC.m */,
				D6FE9201231E3A650017B1A7 /* LBBaseItemVC.h */,
				D6FE9202231E3A650017B1A7 /* LBBaseItemVC.m */,
				D6EB312E238D2795003EDBFC /* LBBaseItemTVC.h */,
				D6EB312F238D2795003EDBFC /* LBBaseItemTVC.m */,
			);
			path = Controller;
			sourceTree = "<group>";
		};
		D64B12DB21F8730D00BED89F /* View */ = {
			isa = PBXGroup;
			children = (
				D649FB7B22164FF4008DD8A3 /* LBItemCell.h */,
				D649FB7C22164FF4008DD8A3 /* LBItemCell.m */,
				D649FB7D22164FF4008DD8A3 /* LBItemCell.xib */,
				D676FCD0231E1B4700BE60B1 /* LBItemHeader.h */,
				D676FCD1231E1B4700BE60B1 /* LBItemHeader.m */,
				D676FCD2231E1B4700BE60B1 /* LBItemHeader.xib */,
			);
			path = View;
			sourceTree = "<group>";
		};
		D64B12DC21F8731100BED89F /* Model */ = {
			isa = PBXGroup;
			children = (
				D64B12DD21F8734000BED89F /* LBItem.h */,
				D64B12DE21F8734000BED89F /* LBItem.m */,
				D68E333B21FAA9C400278F2D /* Items.plist */,
			);
			path = Model;
			sourceTree = "<group>";
		};
		D68E334421FADFFC00278F2D /* LBLearniOSTests */ = {
			isa = PBXGroup;
			children = (
				D68E334521FADFFC00278F2D /* LBLearniOSTests.m */,
				D68E334721FADFFC00278F2D /* Info.plist */,
				D6A01EFE231E042F00289FA7 /* LBItemTests.m */,
			);
			path = LBLearniOSTests;
			sourceTree = "<group>";
		};
		D6DBB333239A86C100AC507E /* Principle */ = {
			isa = PBXGroup;
			children = (
				D68B4FEE238FFA180019D433 /* LB_GCD_VC.h */,
				D68B4FEF238FFA180019D433 /* LB_GCD_VC.m */,
				D6EB3137238D75F3003EDBFC /* LB_Protocal_VC.h */,
				D6EB3138238D75F3003EDBFC /* LB_Protocal_VC.m */,
				D6EB3122238D0752003EDBFC /* LB_Archive_VC.h */,
				D6EB3123238D0752003EDBFC /* LB_Archive_VC.m */,
				D6E5C00D238FBE24005A4629 /* LB_Serialization_VC.h */,
				D6E5C00E238FBE24005A4629 /* LB_Serialization_VC.m */,
				D6DBB334239A871400AC507E /* LB_Recycle_VC.h */,
				D6DBB335239A871400AC507E /* LB_Recycle_VC.m */,
				D670503923C74940009C82BD /* LB_Runtime_Property_VC.h */,
				D670503A23C74940009C82BD /* LB_Runtime_Property_VC.m */,
				D670503C23C77193009C82BD /* LB_Runtime_Property_Model_Animal.h */,
				D670503D23C77193009C82BD /* LB_Runtime_Property_Model_Animal.m */,
			);
			path = Principle;
			sourceTree = "<group>";
		};
		D6E54F13239148E100F2C102 /* UI */ = {
			isa = PBXGroup;
			children = (
				D6E54F17239149E300F2C102 /* bigImage.png */,
				D6E54F142391492A00F2C102 /* LB_Image_VC.h */,
				D6E54F152391492A00F2C102 /* LB_Image_VC.m */,
			);
			name = UI;
			sourceTree = "<group>";
		};
		D6EB3125238D0E59003EDBFC /* Category */ = {
			isa = PBXGroup;
			children = (
				D6EB3134238D4507003EDBFC /* NSKeyedArchiver+LBAdd.h */,
				D6EB3135238D4507003EDBFC /* NSKeyedArchiver+LBAdd.m */,
			);
			path = Category;
			sourceTree = "<group>";
		};
		D6EB3129238D10FC003EDBFC /* Other */ = {
			isa = PBXGroup;
			children = (
				D6EB312A238D12D3003EDBFC /* LBExceptionHandler.h */,
				D6EB312B238D12D3003EDBFC /* LBExceptionHandler.m */,
			);
			path = Other;
			sourceTree = "<group>";
		};
		D6FE91FD231E377D0017B1A7 /* Items */ = {
			isa = PBXGroup;
			children = (
				D6DBB333239A86C100AC507E /* Principle */,
				D60F8FFE23C2060A003D8200 /* Foundation */,
				D6E54F13239148E100F2C102 /* UI */,
				D60F8FFD23C205CE003D8200 /* Vendor */,
			);
			path = Items;
			sourceTree = "<group>";
		};
/* End PBXGroup section */

/* Begin PBXNativeTarget section */
		D63838EF21F6F32E007D5D4F /* LBLearniOS */ = {
			isa = PBXNativeTarget;
			buildConfigurationList = D638390621F6F32F007D5D4F /* Build configuration list for PBXNativeTarget "LBLearniOS" */;
			buildPhases = (
				6A1F76A3241376384941E8BF /* [CP] Check Pods Manifest.lock */,
				D63838EC21F6F32E007D5D4F /* Sources */,
				D63838ED21F6F32E007D5D4F /* Frameworks */,
				D63838EE21F6F32E007D5D4F /* Resources */,
			);
			buildRules = (
			);
			dependencies = (
			);
			name = LBLearniOS;
			productName = LBLearniOS;
			productReference = D63838F021F6F32E007D5D4F /* LBLearniOS.app */;
			productType = "com.apple.product-type.application";
		};
		D68E334221FADFFC00278F2D /* LBLearniOSTests */ = {
			isa = PBXNativeTarget;
			buildConfigurationList = D68E334A21FADFFC00278F2D /* Build configuration list for PBXNativeTarget "LBLearniOSTests" */;
			buildPhases = (
				D68E333F21FADFFC00278F2D /* Sources */,
				D68E334021FADFFC00278F2D /* Frameworks */,
				D68E334121FADFFC00278F2D /* Resources */,
			);
			buildRules = (
			);
			dependencies = (
				D68E334921FADFFC00278F2D /* PBXTargetDependency */,
			);
			name = LBLearniOSTests;
			productName = LBLearniOSTests;
			productReference = D68E334321FADFFC00278F2D /* LBLearniOSTests.xctest */;
			productType = "com.apple.product-type.bundle.unit-test";
		};
/* End PBXNativeTarget section */

/* Begin PBXProject section */
		D63838E821F6F32E007D5D4F /* Project object */ = {
			isa = PBXProject;
			attributes = {
				LastUpgradeCheck = 1010;
				ORGANIZATIONNAME = "李兵";
				TargetAttributes = {
					D63838EF21F6F32E007D5D4F = {
						CreatedOnToolsVersion = 10.1;
					};
					D68E334221FADFFC00278F2D = {
						CreatedOnToolsVersion = 10.1;
						TestTargetID = D63838EF21F6F32E007D5D4F;
					};
				};
			};
			buildConfigurationList = D63838EB21F6F32E007D5D4F /* Build configuration list for PBXProject "LBLearniOS" */;
			compatibilityVersion = "Xcode 9.3";
			developmentRegion = en;
			hasScannedForEncodings = 0;
			knownRegions = (
				en,
				Base,
			);
			mainGroup = D63838E721F6F32E007D5D4F;
			productRefGroup = D63838F121F6F32E007D5D4F /* Products */;
			projectDirPath = "";
			projectRoot = "";
			targets = (
				D63838EF21F6F32E007D5D4F /* LBLearniOS */,
				D68E334221FADFFC00278F2D /* LBLearniOSTests */,
			);
		};
/* End PBXProject section */

/* Begin PBXResourcesBuildPhase section */
		D63838EE21F6F32E007D5D4F /* Resources */ = {
			isa = PBXResourcesBuildPhase;
			buildActionMask = 2147483647;
			files = (
				D6E54F18239149E300F2C102 /* bigImage.png in Resources */,
				D638390021F6F32F007D5D4F /* LaunchScreen.storyboard in Resources */,
				D649FB7F22164FF4008DD8A3 /* LBItemCell.xib in Resources */,
				D63838FD21F6F32F007D5D4F /* Assets.xcassets in Resources */,
				D676FCD4231E1B4700BE60B1 /* LBItemHeader.xib in Resources */,
				D63838FB21F6F32E007D5D4F /* Main.storyboard in Resources */,
				D68E333C21FAA9C400278F2D /* Items.plist in Resources */,
			);
			runOnlyForDeploymentPostprocessing = 0;
		};
		D68E334121FADFFC00278F2D /* Resources */ = {
			isa = PBXResourcesBuildPhase;
			buildActionMask = 2147483647;
			files = (
			);
			runOnlyForDeploymentPostprocessing = 0;
		};
/* End PBXResourcesBuildPhase section */

/* Begin PBXShellScriptBuildPhase section */
		6A1F76A3241376384941E8BF /* [CP] Check Pods Manifest.lock */ = {
			isa = PBXShellScriptBuildPhase;
			buildActionMask = 2147483647;
			files = (
			);
			inputFileListPaths = (
			);
			inputPaths = (
				"${PODS_PODFILE_DIR_PATH}/Podfile.lock",
				"${PODS_ROOT}/Manifest.lock",
			);
			name = "[CP] Check Pods Manifest.lock";
			outputFileListPaths = (
			);
			outputPaths = (
				"$(DERIVED_FILE_DIR)/Pods-LBLearniOS-checkManifestLockResult.txt",
			);
			runOnlyForDeploymentPostprocessing = 0;
			shellPath = /bin/sh;
			shellScript = "diff \"${PODS_PODFILE_DIR_PATH}/Podfile.lock\" \"${PODS_ROOT}/Manifest.lock\" > /dev/null\nif [ $? != 0 ] ; then\n    # print error to STDERR\n    echo \"error: The sandbox is not in sync with the Podfile.lock. Run 'pod install' or update your CocoaPods installation.\" >&2\n    exit 1\nfi\n# This output is used by Xcode 'outputs' to avoid re-running this script phase.\necho \"SUCCESS\" > \"${SCRIPT_OUTPUT_FILE_0}\"\n";
			showEnvVarsInLog = 0;
		};
/* End PBXShellScriptBuildPhase section */

/* Begin PBXSourcesBuildPhase section */
		D63838EC21F6F32E007D5D4F /* Sources */ = {
			isa = PBXSourcesBuildPhase;
			buildActionMask = 2147483647;
			files = (
				D64B12C521F871A700BED89F /* LBBaseVC.m in Sources */,
				D638390321F6F32F007D5D4F /* main.m in Sources */,
				D64B12D921F8730000BED89F /* LBItemsCVC.m in Sources */,
				D6DBB336239A871400AC507E /* LB_Recycle_VC.m in Sources */,
				D6EB3136238D4507003EDBFC /* NSKeyedArchiver+LBAdd.m in Sources */,
				D6EB3139238D75F3003EDBFC /* LB_Protocal_VC.m in Sources */,
				D6FE9206231E3D110017B1A7 /* LB_AFNetworking_VC.m in Sources */,
				D6EB3121238CC2CE003EDBFC /* LB_Block_VC.m in Sources */,
				D670503B23C74940009C82BD /* LB_Runtime_Property_VC.m in Sources */,
				D6E5C00F238FBE24005A4629 /* LB_Serialization_VC.m in Sources */,
				D68B4FF0238FFA180019D433 /* LB_GCD_VC.m in Sources */,
				D64B12C821F871B500BED89F /* LBBaseTVC.m in Sources */,
				D6EB3130238D2795003EDBFC /* LBBaseItemTVC.m in Sources */,
				D676FCD3231E1B4700BE60B1 /* LBItemHeader.m in Sources */,
				D64B12DF21F8734000BED89F /* LBItem.m in Sources */,
				D63838F521F6F32E007D5D4F /* AppDelegate.m in Sources */,
				D64B12D521F872D500BED89F /* LBBaseModel.m in Sources */,
				D6EB312C238D12D3003EDBFC /* LBExceptionHandler.m in Sources */,
				D6E54F162391492A00F2C102 /* LB_Image_VC.m in Sources */,
				D670503E23C77193009C82BD /* LB_Runtime_Property_Model_Animal.m in Sources */,
				D649FB7E22164FF4008DD8A3 /* LBItemCell.m in Sources */,
				D64B12CB21F871C100BED89F /* LBBaseCVC.m in Sources */,
				D6EB3124238D0752003EDBFC /* LB_Archive_VC.m in Sources */,
				D6FE9209231E40470017B1A7 /* LB_AFNetworking.m in Sources */,
				D6FE9203231E3A650017B1A7 /* LBBaseItemVC.m in Sources */,
			);
			runOnlyForDeploymentPostprocessing = 0;
		};
		D68E333F21FADFFC00278F2D /* Sources */ = {
			isa = PBXSourcesBuildPhase;
			buildActionMask = 2147483647;
			files = (
				D6EB312D238D184D003EDBFC /* LBItem.m in Sources */,
				D6A01EFF231E042F00289FA7 /* LBItemTests.m in Sources */,
				D68E334621FADFFC00278F2D /* LBLearniOSTests.m in Sources */,
			);
			runOnlyForDeploymentPostprocessing = 0;
		};
/* End PBXSourcesBuildPhase section */

/* Begin PBXTargetDependency section */
		D68E334921FADFFC00278F2D /* PBXTargetDependency */ = {
			isa = PBXTargetDependency;
			target = D63838EF21F6F32E007D5D4F /* LBLearniOS */;
			targetProxy = D68E334821FADFFC00278F2D /* PBXContainerItemProxy */;
		};
/* End PBXTargetDependency section */

/* Begin PBXVariantGroup section */
		D63838F921F6F32E007D5D4F /* Main.storyboard */ = {
			isa = PBXVariantGroup;
			children = (
				D63838FA21F6F32E007D5D4F /* Base */,
			);
			name = Main.storyboard;
			sourceTree = "<group>";
		};
		D63838FE21F6F32F007D5D4F /* LaunchScreen.storyboard */ = {
			isa = PBXVariantGroup;
			children = (
				D63838FF21F6F32F007D5D4F /* Base */,
			);
			name = LaunchScreen.storyboard;
			sourceTree = "<group>";
		};
/* End PBXVariantGroup section */

/* Begin XCBuildConfiguration section */
		D638390421F6F32F007D5D4F /* Debug */ = {
			isa = XCBuildConfiguration;
			buildSettings = {
				ALWAYS_SEARCH_USER_PATHS = NO;
				CLANG_ANALYZER_NONNULL = YES;
				CLANG_ANALYZER_NUMBER_OBJECT_CONVERSION = YES_AGGRESSIVE;
				CLANG_CXX_LANGUAGE_STANDARD = "gnu++14";
				CLANG_CXX_LIBRARY = "libc++";
				CLANG_ENABLE_MODULES = YES;
				CLANG_ENABLE_OBJC_ARC = YES;
				CLANG_ENABLE_OBJC_WEAK = YES;
				CLANG_WARN_BLOCK_CAPTURE_AUTORELEASING = YES;
				CLANG_WARN_BOOL_CONVERSION = YES;
				CLANG_WARN_COMMA = YES;
				CLANG_WARN_CONSTANT_CONVERSION = YES;
				CLANG_WARN_DEPRECATED_OBJC_IMPLEMENTATIONS = YES;
				CLANG_WARN_DIRECT_OBJC_ISA_USAGE = YES_ERROR;
				CLANG_WARN_DOCUMENTATION_COMMENTS = YES;
				CLANG_WARN_EMPTY_BODY = YES;
				CLANG_WARN_ENUM_CONVERSION = YES;
				CLANG_WARN_INFINITE_RECURSION = YES;
				CLANG_WARN_INT_CONVERSION = YES;
				CLANG_WARN_NON_LITERAL_NULL_CONVERSION = YES;
				CLANG_WARN_OBJC_IMPLICIT_RETAIN_SELF = YES;
				CLANG_WARN_OBJC_LITERAL_CONVERSION = YES;
				CLANG_WARN_OBJC_ROOT_CLASS = YES_ERROR;
				CLANG_WARN_RANGE_LOOP_ANALYSIS = YES;
				CLANG_WARN_STRICT_PROTOTYPES = YES;
				CLANG_WARN_SUSPICIOUS_MOVE = YES;
				CLANG_WARN_UNGUARDED_AVAILABILITY = YES_AGGRESSIVE;
				CLANG_WARN_UNREACHABLE_CODE = YES;
				CLANG_WARN__DUPLICATE_METHOD_MATCH = YES;
				CODE_SIGN_IDENTITY = "iPhone Developer";
				COPY_PHASE_STRIP = NO;
				DEBUG_INFORMATION_FORMAT = dwarf;
				ENABLE_STRICT_OBJC_MSGSEND = YES;
				ENABLE_TESTABILITY = YES;
				GCC_C_LANGUAGE_STANDARD = gnu11;
				GCC_DYNAMIC_NO_PIC = NO;
				GCC_NO_COMMON_BLOCKS = YES;
				GCC_OPTIMIZATION_LEVEL = 0;
				GCC_PREPROCESSOR_DEFINITIONS = (
					"DEBUG=1",
					"$(inherited)",
				);
				GCC_WARN_64_TO_32_BIT_CONVERSION = YES;
				GCC_WARN_ABOUT_RETURN_TYPE = YES_ERROR;
				GCC_WARN_UNDECLARED_SELECTOR = YES;
				GCC_WARN_UNINITIALIZED_AUTOS = YES_AGGRESSIVE;
				GCC_WARN_UNUSED_FUNCTION = YES;
				GCC_WARN_UNUSED_VARIABLE = YES;
				IPHONEOS_DEPLOYMENT_TARGET = 12.1;
				MTL_ENABLE_DEBUG_INFO = INCLUDE_SOURCE;
				MTL_FAST_MATH = YES;
				ONLY_ACTIVE_ARCH = YES;
				SDKROOT = iphoneos;
			};
			name = Debug;
		};
		D638390521F6F32F007D5D4F /* Release */ = {
			isa = XCBuildConfiguration;
			buildSettings = {
				ALWAYS_SEARCH_USER_PATHS = NO;
				CLANG_ANALYZER_NONNULL = YES;
				CLANG_ANALYZER_NUMBER_OBJECT_CONVERSION = YES_AGGRESSIVE;
				CLANG_CXX_LANGUAGE_STANDARD = "gnu++14";
				CLANG_CXX_LIBRARY = "libc++";
				CLANG_ENABLE_MODULES = YES;
				CLANG_ENABLE_OBJC_ARC = YES;
				CLANG_ENABLE_OBJC_WEAK = YES;
				CLANG_WARN_BLOCK_CAPTURE_AUTORELEASING = YES;
				CLANG_WARN_BOOL_CONVERSION = YES;
				CLANG_WARN_COMMA = YES;
				CLANG_WARN_CONSTANT_CONVERSION = YES;
				CLANG_WARN_DEPRECATED_OBJC_IMPLEMENTATIONS = YES;
				CLANG_WARN_DIRECT_OBJC_ISA_USAGE = YES_ERROR;
				CLANG_WARN_DOCUMENTATION_COMMENTS = YES;
				CLANG_WARN_EMPTY_BODY = YES;
				CLANG_WARN_ENUM_CONVERSION = YES;
				CLANG_WARN_INFINITE_RECURSION = YES;
				CLANG_WARN_INT_CONVERSION = YES;
				CLANG_WARN_NON_LITERAL_NULL_CONVERSION = YES;
				CLANG_WARN_OBJC_IMPLICIT_RETAIN_SELF = YES;
				CLANG_WARN_OBJC_LITERAL_CONVERSION = YES;
				CLANG_WARN_OBJC_ROOT_CLASS = YES_ERROR;
				CLANG_WARN_RANGE_LOOP_ANALYSIS = YES;
				CLANG_WARN_STRICT_PROTOTYPES = YES;
				CLANG_WARN_SUSPICIOUS_MOVE = YES;
				CLANG_WARN_UNGUARDED_AVAILABILITY = YES_AGGRESSIVE;
				CLANG_WARN_UNREACHABLE_CODE = YES;
				CLANG_WARN__DUPLICATE_METHOD_MATCH = YES;
				CODE_SIGN_IDENTITY = "iPhone Developer";
				COPY_PHASE_STRIP = NO;
				DEBUG_INFORMATION_FORMAT = "dwarf-with-dsym";
				ENABLE_NS_ASSERTIONS = NO;
				ENABLE_STRICT_OBJC_MSGSEND = YES;
				GCC_C_LANGUAGE_STANDARD = gnu11;
				GCC_NO_COMMON_BLOCKS = YES;
				GCC_WARN_64_TO_32_BIT_CONVERSION = YES;
				GCC_WARN_ABOUT_RETURN_TYPE = YES_ERROR;
				GCC_WARN_UNDECLARED_SELECTOR = YES;
				GCC_WARN_UNINITIALIZED_AUTOS = YES_AGGRESSIVE;
				GCC_WARN_UNUSED_FUNCTION = YES;
				GCC_WARN_UNUSED_VARIABLE = YES;
				IPHONEOS_DEPLOYMENT_TARGET = 12.1;
				MTL_ENABLE_DEBUG_INFO = NO;
				MTL_FAST_MATH = YES;
				SDKROOT = iphoneos;
				VALIDATE_PRODUCT = YES;
			};
			name = Release;
		};
		D638390721F6F32F007D5D4F /* Debug */ = {
			isa = XCBuildConfiguration;
			baseConfigurationReference = 058B13095E56916358C44F5F /* Pods-LBLearniOS.debug.xcconfig */;
			buildSettings = {
				ASSETCATALOG_COMPILER_APPICON_NAME = AppIcon;
				CODE_SIGN_IDENTITY = "iPhone Developer";
				CODE_SIGN_STYLE = Automatic;
				DEVELOPMENT_TEAM = B4KUTMFF6X;
				GCC_PRECOMPILE_PREFIX_HEADER = NO;
				GCC_PREFIX_HEADER = "$(SRCROOT)/LBLearniOS/PrefixHeader.pch";
				INFOPLIST_FILE = LBLearniOS/Info.plist;
				LD_RUNPATH_SEARCH_PATHS = (
					"$(inherited)",
					"@executable_path/Frameworks",
				);
				PRODUCT_BUNDLE_IDENTIFIER = com.libing.LBLearniOS;
				PRODUCT_NAME = "$(TARGET_NAME)";
				PROVISIONING_PROFILE_SPECIFIER = "";
				TARGETED_DEVICE_FAMILY = "1,2";
			};
			name = Debug;
		};
		D638390821F6F32F007D5D4F /* Release */ = {
			isa = XCBuildConfiguration;
			baseConfigurationReference = 361A549C7358D67189E218BA /* Pods-LBLearniOS.release.xcconfig */;
			buildSettings = {
				ASSETCATALOG_COMPILER_APPICON_NAME = AppIcon;
				CODE_SIGN_IDENTITY = "iPhone Developer";
				CODE_SIGN_STYLE = Automatic;
				DEVELOPMENT_TEAM = B4KUTMFF6X;
				GCC_PRECOMPILE_PREFIX_HEADER = NO;
				GCC_PREFIX_HEADER = "$(SRCROOT)/LBLearniOS/PrefixHeader.pch";
				INFOPLIST_FILE = LBLearniOS/Info.plist;
				LD_RUNPATH_SEARCH_PATHS = (
					"$(inherited)",
					"@executable_path/Frameworks",
				);
				PRODUCT_BUNDLE_IDENTIFIER = com.libing.LBLearniOS;
				PRODUCT_NAME = "$(TARGET_NAME)";
				PROVISIONING_PROFILE_SPECIFIER = "";
				TARGETED_DEVICE_FAMILY = "1,2";
			};
			name = Release;
		};
		D68E334B21FADFFC00278F2D /* Debug */ = {
			isa = XCBuildConfiguration;
			buildSettings = {
				BUNDLE_LOADER = "$(TEST_HOST)";
				CODE_SIGN_STYLE = Automatic;
				GCC_PRECOMPILE_PREFIX_HEADER = NO;
				GCC_PREFIX_HEADER = "";
				INFOPLIST_FILE = LBLearniOSTests/Info.plist;
				LD_RUNPATH_SEARCH_PATHS = (
					"$(inherited)",
					"@executable_path/Frameworks",
					"@loader_path/Frameworks",
				);
				PRODUCT_BUNDLE_IDENTIFIER = com.libing.LBLearniOSTests;
				PRODUCT_NAME = "$(TARGET_NAME)";
				TARGETED_DEVICE_FAMILY = "1,2";
				TEST_HOST = "$(BUILT_PRODUCTS_DIR)/LBLearniOS.app/LBLearniOS";
			};
			name = Debug;
		};
		D68E334C21FADFFC00278F2D /* Release */ = {
			isa = XCBuildConfiguration;
			buildSettings = {
				BUNDLE_LOADER = "$(TEST_HOST)";
				CODE_SIGN_STYLE = Automatic;
				GCC_PRECOMPILE_PREFIX_HEADER = NO;
				GCC_PREFIX_HEADER = "";
				INFOPLIST_FILE = LBLearniOSTests/Info.plist;
				LD_RUNPATH_SEARCH_PATHS = (
					"$(inherited)",
					"@executable_path/Frameworks",
					"@loader_path/Frameworks",
				);
				PRODUCT_BUNDLE_IDENTIFIER = com.libing.LBLearniOSTests;
				PRODUCT_NAME = "$(TARGET_NAME)";
				TARGETED_DEVICE_FAMILY = "1,2";
				TEST_HOST = "$(BUILT_PRODUCTS_DIR)/LBLearniOS.app/LBLearniOS";
			};
			name = Release;
		};
/* End XCBuildConfiguration section */

/* Begin XCConfigurationList section */
		D63838EB21F6F32E007D5D4F /* Build configuration list for PBXProject "LBLearniOS" */ = {
			isa = XCConfigurationList;
			buildConfigurations = (
				D638390421F6F32F007D5D4F /* Debug */,
				D638390521F6F32F007D5D4F /* Release */,
			);
			defaultConfigurationIsVisible = 0;
			defaultConfigurationName = Release;
		};
		D638390621F6F32F007D5D4F /* Build configuration list for PBXNativeTarget "LBLearniOS" */ = {
			isa = XCConfigurationList;
			buildConfigurations = (
				D638390721F6F32F007D5D4F /* Debug */,
				D638390821F6F32F007D5D4F /* Release */,
			);
			defaultConfigurationIsVisible = 0;
			defaultConfigurationName = Release;
		};
		D68E334A21FADFFC00278F2D /* Build configuration list for PBXNativeTarget "LBLearniOSTests" */ = {
			isa = XCConfigurationList;
			buildConfigurations = (
				D68E334B21FADFFC00278F2D /* Debug */,
				D68E334C21FADFFC00278F2D /* Release */,
			);
			defaultConfigurationIsVisible = 0;
			defaultConfigurationName = Release;
		};
/* End XCConfigurationList section */
	};
	rootObject = D63838E821F6F32E007D5D4F /* Project object */;
}
